
Microsoft Visual Studio Solution File, Format Version 12.00
# Visual Studio Version 16
VisualStudioVersion = 16.0.31019.35
MinimumVisualStudioVersion = 10.0.40219.1
Project("{9A19103F-16F7-4668-BE54-9A1E7A4F7556}") = "client", "client\client.csproj", "{C43BD886-F44B-4B0B-9830-E8B907DCFD0D}"
EndProject
Project("{9A19103F-16F7-4668-BE54-9A1E7A4F7556}") = "client_lib", "client_lib\client_lib.csproj", "{B145958B-9F60-42D8-B68A-E50F9A86D572}"
EndProject
Project("{FAE04EC0-301F-11D3-BF4B-00C04F79EFBC}") = "BombPeli", "BombPeli\BombPeli.csproj", "{A5134B5E-CCC9-4321-B87E-AA20BB1A094E}"
EndProject
Global
	GlobalSection(SolutionConfigurationPlatforms) = preSolution
		Debug|Any CPU = Debug|Any CPU
		Debug|x64 = Debug|x64
		Debug|x86 = Debug|x86
		Release|Any CPU = Release|Any CPU
		Release|x64 = Release|x64
		Release|x86 = Release|x86
	EndGlobalSection
	GlobalSection(ProjectConfigurationPlatforms) = postSolution
		{C43BD886-F44B-4B0B-9830-E8B907DCFD0D}.Debug|Any CPU.ActiveCfg = Debug|Any CPU
		{C43BD886-F44B-4B0B-9830-E8B907DCFD0D}.Debug|Any CPU.Build.0 = Debug|Any CPU
		{C43BD886-F44B-4B0B-9830-E8B907DCFD0D}.Debug|x64.ActiveCfg = Debug|Any CPU
		{C43BD886-F44B-4B0B-9830-E8B907DCFD0D}.Debug|x64.Build.0 = Debug|Any CPU
		{C43BD886-F44B-4B0B-9830-E8B907DCFD0D}.Debug|x86.ActiveCfg = Debug|Any CPU
		{C43BD886-F44B-4B0B-9830-E8B907DCFD0D}.Debug|x86.Build.0 = Debug|Any CPU
		{C43BD886-F44B-4B0B-9830-E8B907DCFD0D}.Release|Any CPU.ActiveCfg = Release|Any CPU
		{C43BD886-F44B-4B0B-9830-E8B907DCFD0D}.Release|Any CPU.Build.0 = Release|Any CPU
		{C43BD886-F44B-4B0B-9830-E8B907DCFD0D}.Release|x64.ActiveCfg = Release|Any CPU
		{C43BD886-F44B-4B0B-9830-E8B907DCFD0D}.Release|x64.Build.0 = Release|Any CPU
		{C43BD886-F44B-4B0B-9830-E8B907DCFD0D}.Release|x86.ActiveCfg = Release|Any CPU
		{C43BD886-F44B-4B0B-9830-E8B907DCFD0D}.Release|x86.Build.0 = Release|Any CPU
		{B145958B-9F60-42D8-B68A-E50F9A86D572}.Debug|Any CPU.ActiveCfg = Debug|Any CPU
		{B145958B-9F60-42D8-B68A-E50F9A86D572}.Debug|Any CPU.Build.0 = Debug|Any CPU
		{B145958B-9F60-42D8-B68A-E50F9A86D572}.Debug|x64.ActiveCfg = Debug|Any CPU
		{B145958B-9F60-42D8-B68A-E50F9A86D572}.Debug|x64.Build.0 = Debug|Any CPU
		{B145958B-9F60-42D8-B68A-E50F9A86D572}.Debug|x86.ActiveCfg = Debug|Any CPU
		{B145958B-9F60-42D8-B68A-E50F9A86D572}.Debug|x86.Build.0 = Debug|Any CPU
		{B145958B-9F60-42D8-B68A-E50F9A86D572}.Release|Any CPU.ActiveCfg = Release|Any CPU
		{B145958B-9F60-42D8-B68A-E50F9A86D572}.Release|Any CPU.Build.0 = Release|Any CPU
		{B145958B-9F60-42D8-B68A-E50F9A86D572}.Release|x64.ActiveCfg = Release|Any CPU
		{B145958B-9F60-42D8-B68A-E50F9A86D572}.Release|x64.Build.0 = Release|Any CPU
		{B145958B-9F60-42D8-B68A-E50F9A86D572}.Release|x86.ActiveCfg = Release|Any CPU
		{B145958B-9F60-42D8-B68A-E50F9A86D572}.Release|x86.Build.0 = Release|Any CPU
		{A5134B5E-CCC9-4321-B87E-AA20BB1A094E}.Debug|Any CPU.ActiveCfg = Debug|Any CPU
		{A5134B5E-CCC9-4321-B87E-AA20BB1A094E}.Debug|Any CPU.Build.0 = Debug|Any CPU
		{A5134B5E-CCC9-4321-B87E-AA20BB1A094E}.Debug|x64.ActiveCfg = Debug|Any CPU
		{A5134B5E-CCC9-4321-B87E-AA20BB1A094E}.Debug|x64.Build.0 = Debug|Any CPU
		{A5134B5E-CCC9-4321-B87E-AA20BB1A094E}.Debug|x86.ActiveCfg = Debug|Any CPU
		{A5134B5E-CCC9-4321-B87E-AA20BB1A094E}.Debug|x86.Build.0 = Debug|Any CPU
		{A5134B5E-CCC9-4321-B87E-AA20BB1A094E}.Release|Any CPU.ActiveCfg = Release|Any CPU
		{A5134B5E-CCC9-4321-B87E-AA20BB1A094E}.Release|Any CPU.Build.0 = Release|Any CPU
		{A5134B5E-CCC9-4321-B87E-AA20BB1A094E}.Release|x64.ActiveCfg = Release|Any CPU
		{A5134B5E-CCC9-4321-B87E-AA20BB1A094E}.Release|x64.Build.0 = Release|Any CPU
		{A5134B5E-CCC9-4321-B87E-AA20BB1A094E}.Release|x86.ActiveCfg = Release|Any CPU
		{A5134B5E-CCC9-4321-B87E-AA20BB1A094E}.Release|x86.Build.0 = Release|Any CPU
	EndGlobalSection
	GlobalSection(SolutionProperties) = preSolution
		HideSolutionNode = FALSE
	EndGlobalSection
	GlobalSection(ExtensibilityGlobals) = postSolution
		SolutionGuid = {FE5D60EF-6BCA-43DB-B58D-2654EE65E5B5}
	EndGlobalSection
EndGlobal
