
Microsoft Visual Studio Solution File, Format Version 12.00
# Visual Studio Version 16
VisualStudioVersion = 16.0.31019.35
MinimumVisualStudioVersion = 10.0.40219.1
Project("{9A19103F-16F7-4668-BE54-9A1E7A4F7556}") = "client_lib", "client_lib\client_lib.csproj", "{B145958B-9F60-42D8-B68A-E50F9A86D572}"
EndProject
Project("{9A19103F-16F7-4668-BE54-9A1E7A4F7556}") = "BombPeli", "BombPeli\BombPeli.csproj", "{3EEF75C8-FC68-46F2-B8D8-973BAF9EFF8F}"
EndProject
Project("{FAE04EC0-301F-11D3-BF4B-00C04F79EFBC}") = "BombBot", "BombBot\BombBot.csproj", "{B51B5D95-504D-40C0-AD78-3BD794918B6C}"
EndProject
Global
	GlobalSection(SolutionConfigurationPlatforms) = preSolution
		Debug|Any CPU = Debug|Any CPU
		Debug|x64 = Debug|x64
		Debug|x86 = Debug|x86
		Release|Any CPU = Release|Any CPU
		Release|x64 = Release|x64
		Release|x86 = Release|x86
	EndGlobalSection
	GlobalSection(ProjectConfigurationPlatforms) = postSolution
		{B145958B-9F60-42D8-B68A-E50F9A86D572}.Debug|Any CPU.ActiveCfg = Debug|Any CPU
		{B145958B-9F60-42D8-B68A-E50F9A86D572}.Debug|Any CPU.Build.0 = Debug|Any CPU
		{B145958B-9F60-42D8-B68A-E50F9A86D572}.Debug|x64.ActiveCfg = Debug|Any CPU
		{B145958B-9F60-42D8-B68A-E50F9A86D572}.Debug|x64.Build.0 = Debug|Any CPU
		{B145958B-9F60-42D8-B68A-E50F9A86D572}.Debug|x86.ActiveCfg = Debug|Any CPU
		{B145958B-9F60-42D8-B68A-E50F9A86D572}.Debug|x86.Build.0 = Debug|Any CPU
		{B145958B-9F60-42D8-B68A-E50F9A86D572}.Release|Any CPU.ActiveCfg = Release|Any CPU
		{B145958B-9F60-42D8-B68A-E50F9A86D572}.Release|Any CPU.Build.0 = Release|Any CPU
		{B145958B-9F60-42D8-B68A-E50F9A86D572}.Release|x64.ActiveCfg = Release|Any CPU
		{B145958B-9F60-42D8-B68A-E50F9A86D572}.Release|x64.Build.0 = Release|Any CPU
		{B145958B-9F60-42D8-B68A-E50F9A86D572}.Release|x86.ActiveCfg = Release|Any CPU
		{B145958B-9F60-42D8-B68A-E50F9A86D572}.Release|x86.Build.0 = Release|Any CPU
		{3EEF75C8-FC68-46F2-B8D8-973BAF9EFF8F}.Debug|Any CPU.ActiveCfg = Debug|Any CPU
		{3EEF75C8-FC68-46F2-B8D8-973BAF9EFF8F}.Debug|Any CPU.Build.0 = Debug|Any CPU
		{3EEF75C8-FC68-46F2-B8D8-973BAF9EFF8F}.Debug|x64.ActiveCfg = Debug|Any CPU
		{3EEF75C8-FC68-46F2-B8D8-973BAF9EFF8F}.Debug|x64.Build.0 = Debug|Any CPU
		{3EEF75C8-FC68-46F2-B8D8-973BAF9EFF8F}.Debug|x86.ActiveCfg = Debug|Any CPU
		{3EEF75C8-FC68-46F2-B8D8-973BAF9EFF8F}.Debug|x86.Build.0 = Debug|Any CPU
		{3EEF75C8-FC68-46F2-B8D8-973BAF9EFF8F}.Release|Any CPU.ActiveCfg = Release|Any CPU
		{3EEF75C8-FC68-46F2-B8D8-973BAF9EFF8F}.Release|Any CPU.Build.0 = Release|Any CPU
		{3EEF75C8-FC68-46F2-B8D8-973BAF9EFF8F}.Release|x64.ActiveCfg = Release|Any CPU
		{3EEF75C8-FC68-46F2-B8D8-973BAF9EFF8F}.Release|x64.Build.0 = Release|Any CPU
		{3EEF75C8-FC68-46F2-B8D8-973BAF9EFF8F}.Release|x86.ActiveCfg = Release|Any CPU
		{3EEF75C8-FC68-46F2-B8D8-973BAF9EFF8F}.Release|x86.Build.0 = Release|Any CPU
		{B51B5D95-504D-40C0-AD78-3BD794918B6C}.Debug|Any CPU.ActiveCfg = Debug|Any CPU
		{B51B5D95-504D-40C0-AD78-3BD794918B6C}.Debug|Any CPU.Build.0 = Debug|Any CPU
		{B51B5D95-504D-40C0-AD78-3BD794918B6C}.Debug|x64.ActiveCfg = Debug|Any CPU
		{B51B5D95-504D-40C0-AD78-3BD794918B6C}.Debug|x64.Build.0 = Debug|Any CPU
		{B51B5D95-504D-40C0-AD78-3BD794918B6C}.Debug|x86.ActiveCfg = Debug|Any CPU
		{B51B5D95-504D-40C0-AD78-3BD794918B6C}.Debug|x86.Build.0 = Debug|Any CPU
		{B51B5D95-504D-40C0-AD78-3BD794918B6C}.Release|Any CPU.ActiveCfg = Release|Any CPU
		{B51B5D95-504D-40C0-AD78-3BD794918B6C}.Release|Any CPU.Build.0 = Release|Any CPU
		{B51B5D95-504D-40C0-AD78-3BD794918B6C}.Release|x64.ActiveCfg = Release|Any CPU
		{B51B5D95-504D-40C0-AD78-3BD794918B6C}.Release|x64.Build.0 = Release|Any CPU
		{B51B5D95-504D-40C0-AD78-3BD794918B6C}.Release|x86.ActiveCfg = Release|Any CPU
		{B51B5D95-504D-40C0-AD78-3BD794918B6C}.Release|x86.Build.0 = Release|Any CPU
	EndGlobalSection
	GlobalSection(SolutionProperties) = preSolution
		HideSolutionNode = FALSE
	EndGlobalSection
	GlobalSection(ExtensibilityGlobals) = postSolution
		SolutionGuid = {FE5D60EF-6BCA-43DB-B58D-2654EE65E5B5}
	EndGlobalSection
EndGlobal
